
Microsoft Visual Studio Solution File, Format Version 12.00
# Visual Studio Version 16
VisualStudioVersion = 16.0.31702.278
MinimumVisualStudioVersion = 10.0.40219.1
Project("{FAE04EC0-301F-11D3-BF4B-00C04F79EFBC}") = "API", "API.csproj", "{104BA7E5-61F0-41A3-A4AD-2D9AE5852F30}"
EndProject
Global
	GlobalSection(SolutionConfigurationPlatforms) = preSolution
		Debug|Any CPU = Debug|Any CPU
		Release|Any CPU = Release|Any CPU
	EndGlobalSection
	GlobalSection(ProjectConfigurationPlatforms) = postSolution
		{104BA7E5-61F0-41A3-A4AD-2D9AE5852F30}.Debug|Any CPU.ActiveCfg = Debug|Any CPU
		{104BA7E5-61F0-41A3-A4AD-2D9AE5852F30}.Debug|Any CPU.Build.0 = Debug|Any CPU
		{104BA7E5-61F0-41A3-A4AD-2D9AE5852F30}.Release|Any CPU.ActiveCfg = Release|Any CPU
		{104BA7E5-61F0-41A3-A4AD-2D9AE5852F30}.Release|Any CPU.Build.0 = Release|Any CPU
	EndGlobalSection
	GlobalSection(SolutionProperties) = preSolution
		HideSolutionNode = FALSE
	EndGlobalSection
	GlobalSection(ExtensibilityGlobals) = postSolution
		SolutionGuid = {7EDDA702-D4DB-4F95-8070-05524376C79A}
	EndGlobalSection
EndGlobal
