
Microsoft Visual Studio Solution File, Format Version 12.00
# Visual Studio Version 16
VisualStudioVersion = 16.0.31702.278
MinimumVisualStudioVersion = 10.0.40219.1
Project("{9A19103F-16F7-4668-BE54-9A1E7A4F7556}") = "API", "API.csproj", "{104BA7E5-61F0-41A3-A4AD-2D9AE5852F30}"
EndProject
Project("{E53339B2-1760-4266-BCC7-CA923CBCF16C}") = "docker-compose", "docker-compose.dcproj", "{B53F10E4-3071-42BA-9CD2-AAD756449A2C}"
EndProject
Global
	GlobalSection(SolutionConfigurationPlatforms) = preSolution
		Debug|Any CPU = Debug|Any CPU
		Release|Any CPU = Release|Any CPU
	EndGlobalSection
	GlobalSection(ProjectConfigurationPlatforms) = postSolution
		{104BA7E5-61F0-41A3-A4AD-2D9AE5852F30}.Debug|Any CPU.ActiveCfg = Debug|Any CPU
		{104BA7E5-61F0-41A3-A4AD-2D9AE5852F30}.Debug|Any CPU.Build.0 = Debug|Any CPU
		{104BA7E5-61F0-41A3-A4AD-2D9AE5852F30}.Release|Any CPU.ActiveCfg = Release|Any CPU
		{104BA7E5-61F0-41A3-A4AD-2D9AE5852F30}.Release|Any CPU.Build.0 = Release|Any CPU
		{B53F10E4-3071-42BA-9CD2-AAD756449A2C}.Debug|Any CPU.ActiveCfg = Debug|Any CPU
		{B53F10E4-3071-42BA-9CD2-AAD756449A2C}.Debug|Any CPU.Build.0 = Debug|Any CPU
		{B53F10E4-3071-42BA-9CD2-AAD756449A2C}.Release|Any CPU.ActiveCfg = Release|Any CPU
		{B53F10E4-3071-42BA-9CD2-AAD756449A2C}.Release|Any CPU.Build.0 = Release|Any CPU
	EndGlobalSection
	GlobalSection(SolutionProperties) = preSolution
		HideSolutionNode = FALSE
	EndGlobalSection
	GlobalSection(ExtensibilityGlobals) = postSolution
		SolutionGuid = {7EDDA702-D4DB-4F95-8070-05524376C79A}
	EndGlobalSection
EndGlobal
